// !$*UTF8*$!
{
	archiveVersion = 1;
	classes = {
	};
	objectVersion = 56;
	objects = {

/* Begin PBXBuildFile section */
		5D2CF5C6293EB55000158FAE /* CryptoApp.swift in Sources */ = {isa = PBXBuildFile; fileRef = 5D2CF5C5293EB55000158FAE /* CryptoApp.swift */; };
		5D2CF5C8293EB55000158FAE /* ContentView.swift in Sources */ = {isa = PBXBuildFile; fileRef = 5D2CF5C7293EB55000158FAE /* ContentView.swift */; };
		5D2CF5CD293EB55200158FAE /* Preview Assets.xcassets in Resources */ = {isa = PBXBuildFile; fileRef = 5D2CF5CC293EB55200158FAE /* Preview Assets.xcassets */; };
		5D2CF5D4293EB63B00158FAE /* Assets.xcassets in Resources */ = {isa = PBXBuildFile; fileRef = 5D2CF5D3293EB63B00158FAE /* Assets.xcassets */; };
		5D2CF5E8293EBC3E00158FAE /* HomeView.swift in Sources */ = {isa = PBXBuildFile; fileRef = 5D2CF5E7293EBC3E00158FAE /* HomeView.swift */; };
		5D2CF5EC293EBEA000158FAE /* CircleButtonView.swift in Sources */ = {isa = PBXBuildFile; fileRef = 5D2CF5EB293EBEA000158FAE /* CircleButtonView.swift */; };
		5D2CF5EE293EC4E000158FAE /* CircleButtonAnimationView.swift in Sources */ = {isa = PBXBuildFile; fileRef = 5D2CF5ED293EC4E000158FAE /* CircleButtonAnimationView.swift */; };
		5D2CF5F1293ECBCB00158FAE /* CoinModel.swift in Sources */ = {isa = PBXBuildFile; fileRef = 5D2CF5F0293ECBCB00158FAE /* CoinModel.swift */; };
		5D2CF5F3293ED83800158FAE /* CoinRowView.swift in Sources */ = {isa = PBXBuildFile; fileRef = 5D2CF5F2293ED83800158FAE /* CoinRowView.swift */; };
		5D2CF5FF293F819D00158FAE /* Date.swift in Sources */ = {isa = PBXBuildFile; fileRef = 5D2CF5F9293F819D00158FAE /* Date.swift */; };
		5D2CF600293F819D00158FAE /* PreviewProvider.swift in Sources */ = {isa = PBXBuildFile; fileRef = 5D2CF5FA293F819D00158FAE /* PreviewProvider.swift */; };
		5D2CF601293F819D00158FAE /* String.swift in Sources */ = {isa = PBXBuildFile; fileRef = 5D2CF5FB293F819D00158FAE /* String.swift */; };
		5D2CF602293F819D00158FAE /* Double.swift in Sources */ = {isa = PBXBuildFile; fileRef = 5D2CF5FC293F819D00158FAE /* Double.swift */; };
		5D2CF603293F819D00158FAE /* UIApplication.swift in Sources */ = {isa = PBXBuildFile; fileRef = 5D2CF5FD293F819D00158FAE /* UIApplication.swift */; };
		5D2CF604293F819E00158FAE /* Color.swift in Sources */ = {isa = PBXBuildFile; fileRef = 5D2CF5FE293F819D00158FAE /* Color.swift */; };
		5D2CF606293F873800158FAE /* HomeViewModel.swift in Sources */ = {isa = PBXBuildFile; fileRef = 5D2CF605293F873800158FAE /* HomeViewModel.swift */; };
/* End PBXBuildFile section */

/* Begin PBXFileReference section */
		5D2CF5C2293EB55000158FAE /* Crypto.app */ = {isa = PBXFileReference; explicitFileType = wrapper.application; includeInIndex = 0; path = Crypto.app; sourceTree = BUILT_PRODUCTS_DIR; };
		5D2CF5C5293EB55000158FAE /* CryptoApp.swift */ = {isa = PBXFileReference; lastKnownFileType = sourcecode.swift; path = CryptoApp.swift; sourceTree = "<group>"; };
		5D2CF5C7293EB55000158FAE /* ContentView.swift */ = {isa = PBXFileReference; lastKnownFileType = sourcecode.swift; path = ContentView.swift; sourceTree = "<group>"; };
		5D2CF5CC293EB55200158FAE /* Preview Assets.xcassets */ = {isa = PBXFileReference; lastKnownFileType = folder.assetcatalog; path = "Preview Assets.xcassets"; sourceTree = "<group>"; };
		5D2CF5D3293EB63B00158FAE /* Assets.xcassets */ = {isa = PBXFileReference; lastKnownFileType = folder.assetcatalog; name = Assets.xcassets; path = ../../../../Desktop/Resources/Assets.xcassets; sourceTree = "<group>"; };
		5D2CF5E7293EBC3E00158FAE /* HomeView.swift */ = {isa = PBXFileReference; lastKnownFileType = sourcecode.swift; path = HomeView.swift; sourceTree = "<group>"; };
		5D2CF5EB293EBEA000158FAE /* CircleButtonView.swift */ = {isa = PBXFileReference; lastKnownFileType = sourcecode.swift; path = CircleButtonView.swift; sourceTree = "<group>"; };
		5D2CF5ED293EC4E000158FAE /* CircleButtonAnimationView.swift */ = {isa = PBXFileReference; lastKnownFileType = sourcecode.swift; path = CircleButtonAnimationView.swift; sourceTree = "<group>"; };
		5D2CF5F0293ECBCB00158FAE /* CoinModel.swift */ = {isa = PBXFileReference; lastKnownFileType = sourcecode.swift; path = CoinModel.swift; sourceTree = "<group>"; };
		5D2CF5F2293ED83800158FAE /* CoinRowView.swift */ = {isa = PBXFileReference; lastKnownFileType = sourcecode.swift; path = CoinRowView.swift; sourceTree = "<group>"; };
		5D2CF5F9293F819D00158FAE /* Date.swift */ = {isa = PBXFileReference; fileEncoding = 4; lastKnownFileType = sourcecode.swift; path = Date.swift; sourceTree = "<group>"; };
		5D2CF5FA293F819D00158FAE /* PreviewProvider.swift */ = {isa = PBXFileReference; fileEncoding = 4; lastKnownFileType = sourcecode.swift; path = PreviewProvider.swift; sourceTree = "<group>"; };
		5D2CF5FB293F819D00158FAE /* String.swift */ = {isa = PBXFileReference; fileEncoding = 4; lastKnownFileType = sourcecode.swift; path = String.swift; sourceTree = "<group>"; };
		5D2CF5FC293F819D00158FAE /* Double.swift */ = {isa = PBXFileReference; fileEncoding = 4; lastKnownFileType = sourcecode.swift; path = Double.swift; sourceTree = "<group>"; };
		5D2CF5FD293F819D00158FAE /* UIApplication.swift */ = {isa = PBXFileReference; fileEncoding = 4; lastKnownFileType = sourcecode.swift; path = UIApplication.swift; sourceTree = "<group>"; };
		5D2CF5FE293F819D00158FAE /* Color.swift */ = {isa = PBXFileReference; fileEncoding = 4; lastKnownFileType = sourcecode.swift; path = Color.swift; sourceTree = "<group>"; };
		5D2CF605293F873800158FAE /* HomeViewModel.swift */ = {isa = PBXFileReference; lastKnownFileType = sourcecode.swift; path = HomeViewModel.swift; sourceTree = "<group>"; };
/* End PBXFileReference section */

/* Begin PBXFrameworksBuildPhase section */
		5D2CF5BF293EB55000158FAE /* Frameworks */ = {
			isa = PBXFrameworksBuildPhase;
			buildActionMask = 2147483647;
			files = (
			);
			runOnlyForDeploymentPostprocessing = 0;
		};
/* End PBXFrameworksBuildPhase section */

/* Begin PBXGroup section */
		5D2CF5B9293EB55000158FAE = {
			isa = PBXGroup;
			children = (
				5D2CF5C4293EB55000158FAE /* Crypto */,
				5D2CF5C3293EB55000158FAE /* Products */,
			);
			sourceTree = "<group>";
		};
		5D2CF5C3293EB55000158FAE /* Products */ = {
			isa = PBXGroup;
			children = (
				5D2CF5C2293EB55000158FAE /* Crypto.app */,
			);
			name = Products;
			sourceTree = "<group>";
		};
		5D2CF5C4293EB55000158FAE /* Crypto */ = {
			isa = PBXGroup;
			children = (
				5D2CF5EF293ECBB700158FAE /* Models */,
				5D2CF5E3293EBBFA00158FAE /* Core */,
				5D2CF5C5293EB55000158FAE /* CryptoApp.swift */,
				5D2CF5C7293EB55000158FAE /* ContentView.swift */,
				5D2CF5D3293EB63B00158FAE /* Assets.xcassets */,
				5D2CF5F8293F819D00158FAE /* Extensions */,
				5D2CF5CB293EB55200158FAE /* Preview Content */,
			);
			path = Crypto;
			sourceTree = "<group>";
		};
		5D2CF5CB293EB55200158FAE /* Preview Content */ = {
			isa = PBXGroup;
			children = (
				5D2CF5CC293EB55200158FAE /* Preview Assets.xcassets */,
			);
			path = "Preview Content";
			sourceTree = "<group>";
		};
		5D2CF5E3293EBBFA00158FAE /* Core */ = {
			isa = PBXGroup;
			children = (
				5D2CF5E9293EBE5D00158FAE /* Components */,
				5D2CF5E4293EBC0A00158FAE /* Home */,
			);
			path = Core;
			sourceTree = "<group>";
		};
		5D2CF5E4293EBC0A00158FAE /* Home */ = {
			isa = PBXGroup;
			children = (
				5D2CF5E6293EBC1F00158FAE /* ViewModels */,
				5D2CF5E5293EBC1700158FAE /* Views */,
			);
			path = Home;
			sourceTree = "<group>";
		};
		5D2CF5E5293EBC1700158FAE /* Views */ = {
			isa = PBXGroup;
			children = (
				5D2CF5E7293EBC3E00158FAE /* HomeView.swift */,
				5D2CF5F2293ED83800158FAE /* CoinRowView.swift */,
			);
			path = Views;
			sourceTree = "<group>";
		};
		5D2CF5E6293EBC1F00158FAE /* ViewModels */ = {
			isa = PBXGroup;
			children = (
				5D2CF605293F873800158FAE /* HomeViewModel.swift */,
			);
			path = ViewModels;
			sourceTree = "<group>";
		};
		5D2CF5E9293EBE5D00158FAE /* Components */ = {
			isa = PBXGroup;
			children = (
				5D2CF5EA293EBE7600158FAE /* CircleButton */,
			);
			path = Components;
			sourceTree = "<group>";
		};
		5D2CF5EA293EBE7600158FAE /* CircleButton */ = {
			isa = PBXGroup;
			children = (
				5D2CF5EB293EBEA000158FAE /* CircleButtonView.swift */,
				5D2CF5ED293EC4E000158FAE /* CircleButtonAnimationView.swift */,
			);
			path = CircleButton;
			sourceTree = "<group>";
		};
		5D2CF5EF293ECBB700158FAE /* Models */ = {
			isa = PBXGroup;
			children = (
				5D2CF5F0293ECBCB00158FAE /* CoinModel.swift */,
			);
			path = Models;
			sourceTree = "<group>";
		};
		5D2CF5F8293F819D00158FAE /* Extensions */ = {
			isa = PBXGroup;
			children = (
				5D2CF5F9293F819D00158FAE /* Date.swift */,
				5D2CF5FA293F819D00158FAE /* PreviewProvider.swift */,
				5D2CF5FB293F819D00158FAE /* String.swift */,
				5D2CF5FC293F819D00158FAE /* Double.swift */,
				5D2CF5FD293F819D00158FAE /* UIApplication.swift */,
				5D2CF5FE293F819D00158FAE /* Color.swift */,
			);
			path = Extensions;
			sourceTree = "<group>";
		};
/* End PBXGroup section */

/* Begin PBXNativeTarget section */
		5D2CF5C1293EB55000158FAE /* Crypto */ = {
			isa = PBXNativeTarget;
			buildConfigurationList = 5D2CF5D0293EB55200158FAE /* Build configuration list for PBXNativeTarget "Crypto" */;
			buildPhases = (
				5D2CF5BE293EB55000158FAE /* Sources */,
				5D2CF5BF293EB55000158FAE /* Frameworks */,
				5D2CF5C0293EB55000158FAE /* Resources */,
			);
			buildRules = (
			);
			dependencies = (
			);
			name = Crypto;
			productName = Crypto;
			productReference = 5D2CF5C2293EB55000158FAE /* Crypto.app */;
			productType = "com.apple.product-type.application";
		};
/* End PBXNativeTarget section */

/* Begin PBXProject section */
		5D2CF5BA293EB55000158FAE /* Project object */ = {
			isa = PBXProject;
			attributes = {
				BuildIndependentTargetsInParallel = 1;
				LastSwiftUpdateCheck = 1410;
				LastUpgradeCheck = 1410;
				TargetAttributes = {
					5D2CF5C1293EB55000158FAE = {
						CreatedOnToolsVersion = 14.1;
					};
				};
			};
			buildConfigurationList = 5D2CF5BD293EB55000158FAE /* Build configuration list for PBXProject "Crypto" */;
			compatibilityVersion = "Xcode 14.0";
			developmentRegion = en;
			hasScannedForEncodings = 0;
			knownRegions = (
				en,
				Base,
			);
			mainGroup = 5D2CF5B9293EB55000158FAE;
			productRefGroup = 5D2CF5C3293EB55000158FAE /* Products */;
			projectDirPath = "";
			projectRoot = "";
			targets = (
				5D2CF5C1293EB55000158FAE /* Crypto */,
			);
		};
/* End PBXProject section */

/* Begin PBXResourcesBuildPhase section */
		5D2CF5C0293EB55000158FAE /* Resources */ = {
			isa = PBXResourcesBuildPhase;
			buildActionMask = 2147483647;
			files = (
				5D2CF5CD293EB55200158FAE /* Preview Assets.xcassets in Resources */,
				5D2CF5D4293EB63B00158FAE /* Assets.xcassets in Resources */,
			);
			runOnlyForDeploymentPostprocessing = 0;
		};
/* End PBXResourcesBuildPhase section */

/* Begin PBXSourcesBuildPhase section */
		5D2CF5BE293EB55000158FAE /* Sources */ = {
			isa = PBXSourcesBuildPhase;
			buildActionMask = 2147483647;
			files = (
				5D2CF603293F819D00158FAE /* UIApplication.swift in Sources */,
				5D2CF5E8293EBC3E00158FAE /* HomeView.swift in Sources */,
				5D2CF5F3293ED83800158FAE /* CoinRowView.swift in Sources */,
				5D2CF601293F819D00158FAE /* String.swift in Sources */,
				5D2CF604293F819E00158FAE /* Color.swift in Sources */,
				5D2CF5EE293EC4E000158FAE /* CircleButtonAnimationView.swift in Sources */,
				5D2CF5FF293F819D00158FAE /* Date.swift in Sources */,
				5D2CF5C8293EB55000158FAE /* ContentView.swift in Sources */,
				5D2CF5F1293ECBCB00158FAE /* CoinModel.swift in Sources */,
				5D2CF606293F873800158FAE /* HomeViewModel.swift in Sources */,
				5D2CF5EC293EBEA000158FAE /* CircleButtonView.swift in Sources */,
				5D2CF600293F819D00158FAE /* PreviewProvider.swift in Sources */,
				5D2CF602293F819D00158FAE /* Double.swift in Sources */,
				5D2CF5C6293EB55000158FAE /* CryptoApp.swift in Sources */,
			);
			runOnlyForDeploymentPostprocessing = 0;
		};
/* End PBXSourcesBuildPhase section */

/* Begin XCBuildConfiguration section */
		5D2CF5CE293EB55200158FAE /* Debug */ = {
			isa = XCBuildConfiguration;
			buildSettings = {
				ALWAYS_SEARCH_USER_PATHS = NO;
				CLANG_ANALYZER_NONNULL = YES;
				CLANG_ANALYZER_NUMBER_OBJECT_CONVERSION = YES_AGGRESSIVE;
				CLANG_CXX_LANGUAGE_STANDARD = "gnu++20";
				CLANG_ENABLE_MODULES = YES;
				CLANG_ENABLE_OBJC_ARC = YES;
				CLANG_ENABLE_OBJC_WEAK = YES;
				CLANG_WARN_BLOCK_CAPTURE_AUTORELEASING = YES;
				CLANG_WARN_BOOL_CONVERSION = YES;
				CLANG_WARN_COMMA = YES;
				CLANG_WARN_CONSTANT_CONVERSION = YES;
				CLANG_WARN_DEPRECATED_OBJC_IMPLEMENTATIONS = YES;
				CLANG_WARN_DIRECT_OBJC_ISA_USAGE = YES_ERROR;
				CLANG_WARN_DOCUMENTATION_COMMENTS = YES;
				CLANG_WARN_EMPTY_BODY = YES;
				CLANG_WARN_ENUM_CONVERSION = YES;
				CLANG_WARN_INFINITE_RECURSION = YES;
				CLANG_WARN_INT_CONVERSION = YES;
				CLANG_WARN_NON_LITERAL_NULL_CONVERSION = YES;
				CLANG_WARN_OBJC_IMPLICIT_RETAIN_SELF = YES;
				CLANG_WARN_OBJC_LITERAL_CONVERSION = YES;
				CLANG_WARN_OBJC_ROOT_CLASS = YES_ERROR;
				CLANG_WARN_QUOTED_INCLUDE_IN_FRAMEWORK_HEADER = YES;
				CLANG_WARN_RANGE_LOOP_ANALYSIS = YES;
				CLANG_WARN_STRICT_PROTOTYPES = YES;
				CLANG_WARN_SUSPICIOUS_MOVE = YES;
				CLANG_WARN_UNGUARDED_AVAILABILITY = YES_AGGRESSIVE;
				CLANG_WARN_UNREACHABLE_CODE = YES;
				CLANG_WARN__DUPLICATE_METHOD_MATCH = YES;
				COPY_PHASE_STRIP = NO;
				DEBUG_INFORMATION_FORMAT = dwarf;
				ENABLE_STRICT_OBJC_MSGSEND = YES;
				ENABLE_TESTABILITY = YES;
				GCC_C_LANGUAGE_STANDARD = gnu11;
				GCC_DYNAMIC_NO_PIC = NO;
				GCC_NO_COMMON_BLOCKS = YES;
				GCC_OPTIMIZATION_LEVEL = 0;
				GCC_PREPROCESSOR_DEFINITIONS = (
					"DEBUG=1",
					"$(inherited)",
				);
				GCC_WARN_64_TO_32_BIT_CONVERSION = YES;
				GCC_WARN_ABOUT_RETURN_TYPE = YES_ERROR;
				GCC_WARN_UNDECLARED_SELECTOR = YES;
				GCC_WARN_UNINITIALIZED_AUTOS = YES_AGGRESSIVE;
				GCC_WARN_UNUSED_FUNCTION = YES;
				GCC_WARN_UNUSED_VARIABLE = YES;
				IPHONEOS_DEPLOYMENT_TARGET = 16.1;
				MTL_ENABLE_DEBUG_INFO = INCLUDE_SOURCE;
				MTL_FAST_MATH = YES;
				ONLY_ACTIVE_ARCH = YES;
				SDKROOT = iphoneos;
				SWIFT_ACTIVE_COMPILATION_CONDITIONS = DEBUG;
				SWIFT_OPTIMIZATION_LEVEL = "-Onone";
			};
			name = Debug;
		};
		5D2CF5CF293EB55200158FAE /* Release */ = {
			isa = XCBuildConfiguration;
			buildSettings = {
				ALWAYS_SEARCH_USER_PATHS = NO;
				CLANG_ANALYZER_NONNULL = YES;
				CLANG_ANALYZER_NUMBER_OBJECT_CONVERSION = YES_AGGRESSIVE;
				CLANG_CXX_LANGUAGE_STANDARD = "gnu++20";
				CLANG_ENABLE_MODULES = YES;
				CLANG_ENABLE_OBJC_ARC = YES;
				CLANG_ENABLE_OBJC_WEAK = YES;
				CLANG_WARN_BLOCK_CAPTURE_AUTORELEASING = YES;
				CLANG_WARN_BOOL_CONVERSION = YES;
				CLANG_WARN_COMMA = YES;
				CLANG_WARN_CONSTANT_CONVERSION = YES;
				CLANG_WARN_DEPRECATED_OBJC_IMPLEMENTATIONS = YES;
				CLANG_WARN_DIRECT_OBJC_ISA_USAGE = YES_ERROR;
				CLANG_WARN_DOCUMENTATION_COMMENTS = YES;
				CLANG_WARN_EMPTY_BODY = YES;
				CLANG_WARN_ENUM_CONVERSION = YES;
				CLANG_WARN_INFINITE_RECURSION = YES;
				CLANG_WARN_INT_CONVERSION = YES;
				CLANG_WARN_NON_LITERAL_NULL_CONVERSION = YES;
				CLANG_WARN_OBJC_IMPLICIT_RETAIN_SELF = YES;
				CLANG_WARN_OBJC_LITERAL_CONVERSION = YES;
				CLANG_WARN_OBJC_ROOT_CLASS = YES_ERROR;
				CLANG_WARN_QUOTED_INCLUDE_IN_FRAMEWORK_HEADER = YES;
				CLANG_WARN_RANGE_LOOP_ANALYSIS = YES;
				CLANG_WARN_STRICT_PROTOTYPES = YES;
				CLANG_WARN_SUSPICIOUS_MOVE = YES;
				CLANG_WARN_UNGUARDED_AVAILABILITY = YES_AGGRESSIVE;
				CLANG_WARN_UNREACHABLE_CODE = YES;
				CLANG_WARN__DUPLICATE_METHOD_MATCH = YES;
				COPY_PHASE_STRIP = NO;
				DEBUG_INFORMATION_FORMAT = "dwarf-with-dsym";
				ENABLE_NS_ASSERTIONS = NO;
				ENABLE_STRICT_OBJC_MSGSEND = YES;
				GCC_C_LANGUAGE_STANDARD = gnu11;
				GCC_NO_COMMON_BLOCKS = YES;
				GCC_WARN_64_TO_32_BIT_CONVERSION = YES;
				GCC_WARN_ABOUT_RETURN_TYPE = YES_ERROR;
				GCC_WARN_UNDECLARED_SELECTOR = YES;
				GCC_WARN_UNINITIALIZED_AUTOS = YES_AGGRESSIVE;
				GCC_WARN_UNUSED_FUNCTION = YES;
				GCC_WARN_UNUSED_VARIABLE = YES;
				IPHONEOS_DEPLOYMENT_TARGET = 16.1;
				MTL_ENABLE_DEBUG_INFO = NO;
				MTL_FAST_MATH = YES;
				SDKROOT = iphoneos;
				SWIFT_COMPILATION_MODE = wholemodule;
				SWIFT_OPTIMIZATION_LEVEL = "-O";
				VALIDATE_PRODUCT = YES;
			};
			name = Release;
		};
		5D2CF5D1293EB55200158FAE /* Debug */ = {
			isa = XCBuildConfiguration;
			buildSettings = {
				ASSETCATALOG_COMPILER_APPICON_NAME = AppIcon;
				ASSETCATALOG_COMPILER_GLOBAL_ACCENT_COLOR_NAME = AccentColor;
				CODE_SIGN_STYLE = Automatic;
				CURRENT_PROJECT_VERSION = 1;
				DEVELOPMENT_ASSET_PATHS = "\"Crypto/Preview Content\"";
				DEVELOPMENT_TEAM = 648GL97VZX;
				ENABLE_PREVIEWS = YES;
				GENERATE_INFOPLIST_FILE = YES;
				INFOPLIST_KEY_UIApplicationSceneManifest_Generation = YES;
				INFOPLIST_KEY_UIApplicationSupportsIndirectInputEvents = YES;
				INFOPLIST_KEY_UILaunchScreen_Generation = YES;
				INFOPLIST_KEY_UISupportedInterfaceOrientations = UIInterfaceOrientationPortrait;
				INFOPLIST_KEY_UISupportedInterfaceOrientations_iPad = "UIInterfaceOrientationPortrait UIInterfaceOrientationPortraitUpsideDown";
				LD_RUNPATH_SEARCH_PATHS = (
					"$(inherited)",
					"@executable_path/Frameworks",
				);
				MARKETING_VERSION = "Crypto Tracker";
				PRODUCT_BUNDLE_IDENTIFIER = com.jgestradam.Crypto;
				PRODUCT_NAME = "$(TARGET_NAME)";
				SWIFT_EMIT_LOC_STRINGS = YES;
				SWIFT_VERSION = 5.0;
				TARGETED_DEVICE_FAMILY = "1,2";
			};
			name = Debug;
		};
		5D2CF5D2293EB55200158FAE /* Release */ = {
			isa = XCBuildConfiguration;
			buildSettings = {
				ASSETCATALOG_COMPILER_APPICON_NAME = AppIcon;
				ASSETCATALOG_COMPILER_GLOBAL_ACCENT_COLOR_NAME = AccentColor;
				CODE_SIGN_STYLE = Automatic;
				CURRENT_PROJECT_VERSION = 1;
				DEVELOPMENT_ASSET_PATHS = "\"Crypto/Preview Content\"";
				DEVELOPMENT_TEAM = 648GL97VZX;
				ENABLE_PREVIEWS = YES;
				GENERATE_INFOPLIST_FILE = YES;
				INFOPLIST_KEY_UIApplicationSceneManifest_Generation = YES;
				INFOPLIST_KEY_UIApplicationSupportsIndirectInputEvents = YES;
				INFOPLIST_KEY_UILaunchScreen_Generation = YES;
				INFOPLIST_KEY_UISupportedInterfaceOrientations = UIInterfaceOrientationPortrait;
				INFOPLIST_KEY_UISupportedInterfaceOrientations_iPad = "UIInterfaceOrientationPortrait UIInterfaceOrientationPortraitUpsideDown";
				LD_RUNPATH_SEARCH_PATHS = (
					"$(inherited)",
					"@executable_path/Frameworks",
				);
				MARKETING_VERSION = "Crypto Tracker";
				PRODUCT_BUNDLE_IDENTIFIER = com.jgestradam.Crypto;
				PRODUCT_NAME = "$(TARGET_NAME)";
				SWIFT_EMIT_LOC_STRINGS = YES;
				SWIFT_VERSION = 5.0;
				TARGETED_DEVICE_FAMILY = "1,2";
			};
			name = Release;
		};
/* End XCBuildConfiguration section */

/* Begin XCConfigurationList section */
		5D2CF5BD293EB55000158FAE /* Build configuration list for PBXProject "Crypto" */ = {
			isa = XCConfigurationList;
			buildConfigurations = (
				5D2CF5CE293EB55200158FAE /* Debug */,
				5D2CF5CF293EB55200158FAE /* Release */,
			);
			defaultConfigurationIsVisible = 0;
			defaultConfigurationName = Release;
		};
		5D2CF5D0293EB55200158FAE /* Build configuration list for PBXNativeTarget "Crypto" */ = {
			isa = XCConfigurationList;
			buildConfigurations = (
				5D2CF5D1293EB55200158FAE /* Debug */,
				5D2CF5D2293EB55200158FAE /* Release */,
			);
			defaultConfigurationIsVisible = 0;
			defaultConfigurationName = Release;
		};
/* End XCConfigurationList section */
	};
	rootObject = 5D2CF5BA293EB55000158FAE /* Project object */;
}
